
Microsoft Visual Studio Solution File, Format Version 12.00
# Visual Studio Version 17
VisualStudioVersion = 17.14.36511.14 d17.14
MinimumVisualStudioVersion = 10.0.40219.1
Project("{FAE04EC0-301F-11D3-BF4B-00C04F79EFBC}") = "ProjectManagementPlatforms3", "ProjectManagementPlatforms3\ProjectManagementPlatforms3.csproj", "{D45D8982-3686-4AEA-BAA2-E8E3049AB7D5}"
EndProject
Global
	GlobalSection(SolutionConfigurationPlatforms) = preSolution
		Debug|Any CPU = Debug|Any CPU
		Release|Any CPU = Release|Any CPU
	EndGlobalSection
	GlobalSection(ProjectConfigurationPlatforms) = postSolution
		{D45D8982-3686-4AEA-BAA2-E8E3049AB7D5}.Debug|Any CPU.ActiveCfg = Debug|Any CPU
		{D45D8982-3686-4AEA-BAA2-E8E3049AB7D5}.Debug|Any CPU.Build.0 = Debug|Any CPU
		{D45D8982-3686-4AEA-BAA2-E8E3049AB7D5}.Release|Any CPU.ActiveCfg = Release|Any CPU
		{D45D8982-3686-4AEA-BAA2-E8E3049AB7D5}.Release|Any CPU.Build.0 = Release|Any CPU
	EndGlobalSection
	GlobalSection(SolutionProperties) = preSolution
		HideSolutionNode = FALSE
	EndGlobalSection
	GlobalSection(ExtensibilityGlobals) = postSolution
		SolutionGuid = {F6020568-5ECD-4873-B0D5-206D6FADBE5D}
	EndGlobalSection
EndGlobal
